
Microsoft Visual Studio Solution File, Format Version 12.00
# Visual Studio 2013
VisualStudioVersion = 12.0.21005.1
MinimumVisualStudioVersion = 10.0.40219.1
Project("{8BC9CEB8-8B4A-11D0-8D11-00A0C91BC942}") = "OpenCV_Test", "OpenCV_Test\OpenCV_Test.vcxproj", "{A10E3DEF-E1EE-49CC-B025-DE741B0F81E8}"
	ProjectSection(ProjectDependencies) = postProject
		{B6E09E23-0528-4905-8D9E-390AB1B82391} = {B6E09E23-0528-4905-8D9E-390AB1B82391}
	EndProjectSection
EndProject
Project("{8BC9CEB8-8B4A-11D0-8D11-00A0C91BC942}") = "fbc_cv", "fbc_cv\fbc_cv.vcxproj", "{B6E09E23-0528-4905-8D9E-390AB1B82391}"
EndProject
Project("{8BC9CEB8-8B4A-11D0-8D11-00A0C91BC942}") = "libyuv", "libyuv\libyuv.vcxproj", "{A9ECF797-13F7-457C-9528-6D3661BDB6DA}"
EndProject
Project("{8BC9CEB8-8B4A-11D0-8D11-00A0C91BC942}") = "Libyuv_Test", "Libyuv_Test\Libyuv_Test.vcxproj", "{BFABA516-44F3-46BD-85E1-C583BB313F97}"
EndProject
Project("{8BC9CEB8-8B4A-11D0-8D11-00A0C91BC942}") = "VLFeat_DLL", "VLFeat_DLL\VLFeat_DLL.vcxproj", "{E59F04B3-A42F-4AF9-9B02-A1B69A6F1752}"
EndProject
Project("{8BC9CEB8-8B4A-11D0-8D11-00A0C91BC942}") = "Test_VLFeat", "Test_VLFeat\Test_VLFeat.vcxproj", "{C0976C8C-5CAA-419A-969B-B0B9C8F0E553}"
EndProject
Project("{8BC9CEB8-8B4A-11D0-8D11-00A0C91BC942}") = "Vigra", "vigra\vigra.vcxproj", "{3AC93660-1E52-4EAF-981D-A074D5BDAA7E}"
EndProject
Project("{8BC9CEB8-8B4A-11D0-8D11-00A0C91BC942}") = "Vigra_Test", "Vigra_Test\Vigra_Test.vcxproj", "{B3AC9BE2-DA6B-4D7D-87BA-A06F081F1960}"
EndProject
Project("{8BC9CEB8-8B4A-11D0-8D11-00A0C91BC942}") = "CImg_Test", "CImg_Test\CImg_Test.vcxproj", "{E8E23222-1C58-4AF1-A6A0-E2826AC94BCA}"
EndProject
Project("{8BC9CEB8-8B4A-11D0-8D11-00A0C91BC942}") = "FFmpeg_Test", "FFmpeg_Test\FFmpeg_Test.vcxproj", "{580AAB21-BCA2-48B8-912F-74D35F30EC23}"
EndProject
Project("{8BC9CEB8-8B4A-11D0-8D11-00A0C91BC942}") = "libBasicUsageEnvironment", "libBasicUsageEnvironment\libBasicUsageEnvironment.vcxproj", "{6F3D2342-15DD-4352-A691-252FF7345743}"
EndProject
Project("{8BC9CEB8-8B4A-11D0-8D11-00A0C91BC942}") = "libgroupsock", "libgroupsock\libgroupsock.vcxproj", "{601ECDE4-B0F7-4EDA-8FB7-DEF17DBD46BF}"
EndProject
Project("{8BC9CEB8-8B4A-11D0-8D11-00A0C91BC942}") = "libliveMedia", "libliveMedia\libliveMedia.vcxproj", "{AB904065-414C-4A4F-96FC-F37CEC7A0380}"
EndProject
Project("{8BC9CEB8-8B4A-11D0-8D11-00A0C91BC942}") = "libUsageEnvironment", "libUsageEnvironment\libUsageEnvironment.vcxproj", "{59E50985-3EAD-4023-8B85-6CFFF9A2B266}"
EndProject
Global
	GlobalSection(SolutionConfigurationPlatforms) = preSolution
		Debug|x64 = Debug|x64
		Release|x64 = Release|x64
	EndGlobalSection
	GlobalSection(ProjectConfigurationPlatforms) = postSolution
		{A10E3DEF-E1EE-49CC-B025-DE741B0F81E8}.Debug|x64.ActiveCfg = Debug|x64
		{A10E3DEF-E1EE-49CC-B025-DE741B0F81E8}.Debug|x64.Build.0 = Debug|x64
		{A10E3DEF-E1EE-49CC-B025-DE741B0F81E8}.Release|x64.ActiveCfg = Release|x64
		{A10E3DEF-E1EE-49CC-B025-DE741B0F81E8}.Release|x64.Build.0 = Release|x64
		{B6E09E23-0528-4905-8D9E-390AB1B82391}.Debug|x64.ActiveCfg = Debug|x64
		{B6E09E23-0528-4905-8D9E-390AB1B82391}.Debug|x64.Build.0 = Debug|x64
		{B6E09E23-0528-4905-8D9E-390AB1B82391}.Release|x64.ActiveCfg = Release|x64
		{B6E09E23-0528-4905-8D9E-390AB1B82391}.Release|x64.Build.0 = Release|x64
		{A9ECF797-13F7-457C-9528-6D3661BDB6DA}.Debug|x64.ActiveCfg = Debug|x64
		{A9ECF797-13F7-457C-9528-6D3661BDB6DA}.Release|x64.ActiveCfg = Release|x64
		{BFABA516-44F3-46BD-85E1-C583BB313F97}.Debug|x64.ActiveCfg = Debug|x64
		{BFABA516-44F3-46BD-85E1-C583BB313F97}.Debug|x64.Build.0 = Debug|x64
		{BFABA516-44F3-46BD-85E1-C583BB313F97}.Release|x64.ActiveCfg = Release|x64
		{BFABA516-44F3-46BD-85E1-C583BB313F97}.Release|x64.Build.0 = Release|x64
		{E59F04B3-A42F-4AF9-9B02-A1B69A6F1752}.Debug|x64.ActiveCfg = Debug|x64
		{E59F04B3-A42F-4AF9-9B02-A1B69A6F1752}.Debug|x64.Build.0 = Debug|x64
		{E59F04B3-A42F-4AF9-9B02-A1B69A6F1752}.Release|x64.ActiveCfg = Release|x64
		{E59F04B3-A42F-4AF9-9B02-A1B69A6F1752}.Release|x64.Build.0 = Release|x64
		{C0976C8C-5CAA-419A-969B-B0B9C8F0E553}.Debug|x64.ActiveCfg = Debug|x64
		{C0976C8C-5CAA-419A-969B-B0B9C8F0E553}.Debug|x64.Build.0 = Debug|x64
		{C0976C8C-5CAA-419A-969B-B0B9C8F0E553}.Release|x64.ActiveCfg = Release|x64
		{C0976C8C-5CAA-419A-969B-B0B9C8F0E553}.Release|x64.Build.0 = Release|x64
		{3AC93660-1E52-4EAF-981D-A074D5BDAA7E}.Debug|x64.ActiveCfg = Debug|x64
		{3AC93660-1E52-4EAF-981D-A074D5BDAA7E}.Release|x64.ActiveCfg = Release|x64
		{B3AC9BE2-DA6B-4D7D-87BA-A06F081F1960}.Debug|x64.ActiveCfg = Debug|x64
		{B3AC9BE2-DA6B-4D7D-87BA-A06F081F1960}.Release|x64.ActiveCfg = Release|x64
		{E8E23222-1C58-4AF1-A6A0-E2826AC94BCA}.Debug|x64.ActiveCfg = Debug|x64
		{E8E23222-1C58-4AF1-A6A0-E2826AC94BCA}.Release|x64.ActiveCfg = Release|x64
		{580AAB21-BCA2-48B8-912F-74D35F30EC23}.Debug|x64.ActiveCfg = Debug|x64
		{580AAB21-BCA2-48B8-912F-74D35F30EC23}.Release|x64.ActiveCfg = Release|x64
		{580AAB21-BCA2-48B8-912F-74D35F30EC23}.Release|x64.Build.0 = Release|x64
		{6F3D2342-15DD-4352-A691-252FF7345743}.Debug|x64.ActiveCfg = Debug|x64
		{6F3D2342-15DD-4352-A691-252FF7345743}.Debug|x64.Build.0 = Debug|x64
		{6F3D2342-15DD-4352-A691-252FF7345743}.Release|x64.ActiveCfg = Release|x64
		{6F3D2342-15DD-4352-A691-252FF7345743}.Release|x64.Build.0 = Release|x64
		{601ECDE4-B0F7-4EDA-8FB7-DEF17DBD46BF}.Debug|x64.ActiveCfg = Debug|x64
		{601ECDE4-B0F7-4EDA-8FB7-DEF17DBD46BF}.Debug|x64.Build.0 = Debug|x64
		{601ECDE4-B0F7-4EDA-8FB7-DEF17DBD46BF}.Release|x64.ActiveCfg = Release|x64
		{601ECDE4-B0F7-4EDA-8FB7-DEF17DBD46BF}.Release|x64.Build.0 = Release|x64
		{AB904065-414C-4A4F-96FC-F37CEC7A0380}.Debug|x64.ActiveCfg = Debug|x64
		{AB904065-414C-4A4F-96FC-F37CEC7A0380}.Debug|x64.Build.0 = Debug|x64
		{AB904065-414C-4A4F-96FC-F37CEC7A0380}.Release|x64.ActiveCfg = Release|x64
		{AB904065-414C-4A4F-96FC-F37CEC7A0380}.Release|x64.Build.0 = Release|x64
		{59E50985-3EAD-4023-8B85-6CFFF9A2B266}.Debug|x64.ActiveCfg = Debug|x64
		{59E50985-3EAD-4023-8B85-6CFFF9A2B266}.Debug|x64.Build.0 = Debug|x64
		{59E50985-3EAD-4023-8B85-6CFFF9A2B266}.Release|x64.ActiveCfg = Release|x64
		{59E50985-3EAD-4023-8B85-6CFFF9A2B266}.Release|x64.Build.0 = Release|x64
	EndGlobalSection
	GlobalSection(SolutionProperties) = preSolution
		HideSolutionNode = FALSE
	EndGlobalSection
EndGlobal
