<?xml version="1.0" encoding="utf-8"?>
<Project ToolsVersion="4.0" xmlns="http://schemas.microsoft.com/developer/msbuild/2003">
  <ItemGroup>
    <Filter Include="源文件">
      <UniqueIdentifier>{4FC737F1-C7A5-4376-A066-2A32D752A2FF}</UniqueIdentifier>
      <Extensions>cpp;c;cc;cxx;def;odl;idl;hpj;bat;asm;asmx</Extensions>
    </Filter>
    <Filter Include="头文件">
      <UniqueIdentifier>{93995380-89BD-4b04-88EB-625FBE52EBFB}</UniqueIdentifier>
      <Extensions>h;hh;hpp;hxx;hm;inl;inc;xsd</Extensions>
    </Filter>
    <Filter Include="资源文件">
      <UniqueIdentifier>{67DA6AB6-F800-4c08-8B7A-83BB121AAD01}</UniqueIdentifier>
      <Extensions>rc;ico;cur;bmp;dlg;rc2;rct;bin;rgs;gif;jpg;jpeg;jpe;resx;tiff;tif;png;wav;mfcribbon-ms</Extensions>
    </Filter>
  </ItemGroup>
  <ItemGroup>
    <ClInclude Include="..\..\..\src\vigra\include\vigra\accessor.hxx">
      <Filter>头文件</Filter>
    </ClInclude>
    <ClInclude Include="..\..\..\src\vigra\include\vigra\accumulator.hxx">
      <Filter>头文件</Filter>
    </ClInclude>
    <ClInclude Include="..\..\..\src\vigra\include\vigra\accumulator-grammar.hxx">
      <Filter>头文件</Filter>
    </ClInclude>
    <ClInclude Include="..\..\..\src\vigra\include\vigra\affine_registration.hxx">
      <Filter>头文件</Filter>
    </ClInclude>
    <ClInclude Include="..\..\..\src\vigra\include\vigra\affinegeometry.hxx">
      <Filter>头文件</Filter>
    </ClInclude>
    <ClInclude Include="..\..\..\src\vigra\include\vigra\algorithm.hxx">
      <Filter>头文件</Filter>
    </ClInclude>
    <ClInclude Include="..\..\..\src\vigra\include\vigra\array_vector.hxx">
      <Filter>头文件</Filter>
    </ClInclude>
    <ClInclude Include="..\..\..\src\vigra\include\vigra\autodiff.hxx">
      <Filter>头文件</Filter>
    </ClInclude>
    <ClInclude Include="..\..\..\src\vigra\include\vigra\axistags.hxx">
      <Filter>头文件</Filter>
    </ClInclude>
    <ClInclude Include="..\..\..\src\vigra\include\vigra\basicgeometry.hxx">
      <Filter>头文件</Filter>
    </ClInclude>
    <ClInclude Include="..\..\..\src\vigra\include\vigra\basicimage.hxx">
      <Filter>头文件</Filter>
    </ClInclude>
    <ClInclude Include="..\..\..\src\vigra\include\vigra\basicimageview.hxx">
      <Filter>头文件</Filter>
    </ClInclude>
    <ClInclude Include="..\..\..\src\vigra\include\vigra\bessel.hxx">
      <Filter>头文件</Filter>
    </ClInclude>
    <ClInclude Include="..\..\..\src\vigra\include\vigra\bit_array.hxx">
      <Filter>头文件</Filter>
    </ClInclude>
    <ClInclude Include="..\..\..\src\vigra\include\vigra\bordertreatment.hxx">
      <Filter>头文件</Filter>
    </ClInclude>
    <ClInclude Include="..\..\..\src\vigra\include\vigra\boundarytensor.hxx">
      <Filter>头文件</Filter>
    </ClInclude>
    <ClInclude Include="..\..\..\src\vigra\include\vigra\box.hxx">
      <Filter>头文件</Filter>
    </ClInclude>
    <ClInclude Include="..\..\..\src\vigra\include\vigra\bucket_queue.hxx">
      <Filter>头文件</Filter>
    </ClInclude>
    <ClInclude Include="..\..\..\src\vigra\include\vigra\cellconfigurations.hxx">
      <Filter>头文件</Filter>
    </ClInclude>
    <ClInclude Include="..\..\..\src\vigra\include\vigra\cellimage.hxx">
      <Filter>头文件</Filter>
    </ClInclude>
    <ClInclude Include="..\..\..\src\vigra\include\vigra\clebsch-gordan.hxx">
      <Filter>头文件</Filter>
    </ClInclude>
    <ClInclude Include="..\..\..\src\vigra\include\vigra\codec.hxx">
      <Filter>头文件</Filter>
    </ClInclude>
    <ClInclude Include="..\..\..\src\vigra\include\vigra\colorconversions.hxx">
      <Filter>头文件</Filter>
    </ClInclude>
    <ClInclude Include="..\..\..\src\vigra\include\vigra\combineimages.hxx">
      <Filter>头文件</Filter>
    </ClInclude>
    <ClInclude Include="..\..\..\src\vigra\include\vigra\config.hxx">
      <Filter>头文件</Filter>
    </ClInclude>
    <ClInclude Include="..\..\..\src\vigra\include\vigra\configVersion.hxx">
      <Filter>头文件</Filter>
    </ClInclude>
    <ClInclude Include="..\..\..\src\vigra\include\vigra\contourcirculator.hxx">
      <Filter>头文件</Filter>
    </ClInclude>
    <ClInclude Include="..\..\..\src\vigra\include\vigra\convolution.hxx">
      <Filter>头文件</Filter>
    </ClInclude>
    <ClInclude Include="..\..\..\src\vigra\include\vigra\coordinate_iterator.hxx">
      <Filter>头文件</Filter>
    </ClInclude>
    <ClInclude Include="..\..\..\src\vigra\include\vigra\copyimage.hxx">
      <Filter>头文件</Filter>
    </ClInclude>
    <ClInclude Include="..\..\..\src\vigra\include\vigra\cornerdetection.hxx">
      <Filter>头文件</Filter>
    </ClInclude>
    <ClInclude Include="..\..\..\src\vigra\include\vigra\diff2d.hxx">
      <Filter>头文件</Filter>
    </ClInclude>
    <ClInclude Include="..\..\..\src\vigra\include\vigra\distancetransform.hxx">
      <Filter>头文件</Filter>
    </ClInclude>
    <ClInclude Include="..\..\..\src\vigra\include\vigra\edgedetection.hxx">
      <Filter>头文件</Filter>
    </ClInclude>
    <ClInclude Include="..\..\..\src\vigra\include\vigra\eigensystem.hxx">
      <Filter>头文件</Filter>
    </ClInclude>
    <ClInclude Include="..\..\..\src\vigra\include\vigra\error.hxx">
      <Filter>头文件</Filter>
    </ClInclude>
    <ClInclude Include="..\..\..\src\vigra\include\vigra\fftw.hxx">
      <Filter>头文件</Filter>
    </ClInclude>
    <ClInclude Include="..\..\..\src\vigra\include\vigra\fftw3.hxx">
      <Filter>头文件</Filter>
    </ClInclude>
    <ClInclude Include="..\..\..\src\vigra\include\vigra\fixedpoint.hxx">
      <Filter>头文件</Filter>
    </ClInclude>
    <ClInclude Include="..\..\..\src\vigra\include\vigra\flatmorphology.hxx">
      <Filter>头文件</Filter>
    </ClInclude>
    <ClInclude Include="..\..\..\src\vigra\include\vigra\functorexpression.hxx">
      <Filter>头文件</Filter>
    </ClInclude>
    <ClInclude Include="..\..\..\src\vigra\include\vigra\functortraits.hxx">
      <Filter>头文件</Filter>
    </ClInclude>
    <ClInclude Include="..\..\..\src\vigra\include\vigra\gaborfilter.hxx">
      <Filter>头文件</Filter>
    </ClInclude>
    <ClInclude Include="..\..\..\src\vigra\include\vigra\gaussians.hxx">
      <Filter>头文件</Filter>
    </ClInclude>
    <ClInclude Include="..\..\..\src\vigra\include\vigra\gradient_energy_tensor.hxx">
      <Filter>头文件</Filter>
    </ClInclude>
    <ClInclude Include="..\..\..\src\vigra\include\vigra\graphs.hxx">
      <Filter>头文件</Filter>
    </ClInclude>
    <ClInclude Include="..\..\..\src\vigra\include\vigra\hdf5impex.hxx">
      <Filter>头文件</Filter>
    </ClInclude>
    <ClInclude Include="..\..\..\src\vigra\include\vigra\histogram.hxx">
      <Filter>头文件</Filter>
    </ClInclude>
    <ClInclude Include="..\..\..\src\vigra\include\vigra\imagecontainer.hxx">
      <Filter>头文件</Filter>
    </ClInclude>
    <ClInclude Include="..\..\..\src\vigra\include\vigra\imageinfo.hxx">
      <Filter>头文件</Filter>
    </ClInclude>
    <ClInclude Include="..\..\..\src\vigra\include\vigra\imageiterator.hxx">
      <Filter>头文件</Filter>
    </ClInclude>
    <ClInclude Include="..\..\..\src\vigra\include\vigra\imageiteratoradapter.hxx">
      <Filter>头文件</Filter>
    </ClInclude>
    <ClInclude Include="..\..\..\src\vigra\include\vigra\impex.hxx">
      <Filter>头文件</Filter>
    </ClInclude>
    <ClInclude Include="..\..\..\src\vigra\include\vigra\impexalpha.hxx">
      <Filter>头文件</Filter>
    </ClInclude>
    <ClInclude Include="..\..\..\src\vigra\include\vigra\impexbase.hxx">
      <Filter>头文件</Filter>
    </ClInclude>
    <ClInclude Include="..\..\..\src\vigra\include\vigra\initimage.hxx">
      <Filter>头文件</Filter>
    </ClInclude>
    <ClInclude Include="..\..\..\src\vigra\include\vigra\inspectimage.hxx">
      <Filter>头文件</Filter>
    </ClInclude>
    <ClInclude Include="..\..\..\src\vigra\include\vigra\inspector_passes.hxx">
      <Filter>头文件</Filter>
    </ClInclude>
    <ClInclude Include="..\..\..\src\vigra\include\vigra\interpolating_accessor.hxx">
      <Filter>头文件</Filter>
    </ClInclude>
    <ClInclude Include="..\..\..\src\vigra\include\vigra\invariant_features3D.hxx">
      <Filter>头文件</Filter>
    </ClInclude>
    <ClInclude Include="..\..\..\src\vigra\include\vigra\iteratoradapter.hxx">
      <Filter>头文件</Filter>
    </ClInclude>
    <ClInclude Include="..\..\..\src\vigra\include\vigra\iteratortags.hxx">
      <Filter>头文件</Filter>
    </ClInclude>
    <ClInclude Include="..\..\..\src\vigra\include\vigra\iteratortraits.hxx">
      <Filter>头文件</Filter>
    </ClInclude>
    <ClInclude Include="..\..\..\src\vigra\include\vigra\labelimage.hxx">
      <Filter>头文件</Filter>
    </ClInclude>
    <ClInclude Include="..\..\..\src\vigra\include\vigra\labelvolume.hxx">
      <Filter>头文件</Filter>
    </ClInclude>
    <ClInclude Include="..\..\..\src\vigra\include\vigra\linear_algebra.hxx">
      <Filter>头文件</Filter>
    </ClInclude>
    <ClInclude Include="..\..\..\src\vigra\include\vigra\linear_solve.hxx">
      <Filter>头文件</Filter>
    </ClInclude>
    <ClInclude Include="..\..\..\src\vigra\include\vigra\localminmax.hxx">
      <Filter>头文件</Filter>
    </ClInclude>
    <ClInclude Include="..\..\..\src\vigra\include\vigra\mathutil.hxx">
      <Filter>头文件</Filter>
    </ClInclude>
    <ClInclude Include="..\..\..\src\vigra\include\vigra\matlab.hxx">
      <Filter>头文件</Filter>
    </ClInclude>
    <ClInclude Include="..\..\..\src\vigra\include\vigra\matlab_FLEXTYPE.hxx">
      <Filter>头文件</Filter>
    </ClInclude>
    <ClInclude Include="..\..\..\src\vigra\include\vigra\matrix.hxx">
      <Filter>头文件</Filter>
    </ClInclude>
    <ClInclude Include="..\..\..\src\vigra\include\vigra\memory.hxx">
      <Filter>头文件</Filter>
    </ClInclude>
    <ClInclude Include="..\..\..\src\vigra\include\vigra\meshgrid.hxx">
      <Filter>头文件</Filter>
    </ClInclude>
    <ClInclude Include="..\..\..\src\vigra\include\vigra\metaprogramming.hxx">
      <Filter>头文件</Filter>
    </ClInclude>
    <ClInclude Include="..\..\..\src\vigra\include\vigra\multi_array.hxx">
      <Filter>头文件</Filter>
    </ClInclude>
    <ClInclude Include="..\..\..\src\vigra\include\vigra\multi_convolution.hxx">
      <Filter>头文件</Filter>
    </ClInclude>
    <ClInclude Include="..\..\..\src\vigra\include\vigra\multi_distance.hxx">
      <Filter>头文件</Filter>
    </ClInclude>
    <ClInclude Include="..\..\..\src\vigra\include\vigra\multi_fft.hxx">
      <Filter>头文件</Filter>
    </ClInclude>
    <ClInclude Include="..\..\..\src\vigra\include\vigra\multi_gridgraph.hxx">
      <Filter>头文件</Filter>
    </ClInclude>
    <ClInclude Include="..\..\..\src\vigra\include\vigra\multi_impex.hxx">
      <Filter>头文件</Filter>
    </ClInclude>
    <ClInclude Include="..\..\..\src\vigra\include\vigra\multi_iterator.hxx">
      <Filter>头文件</Filter>
    </ClInclude>
    <ClInclude Include="..\..\..\src\vigra\include\vigra\multi_iterator_coupled.hxx">
      <Filter>头文件</Filter>
    </ClInclude>
    <ClInclude Include="..\..\..\src\vigra\include\vigra\multi_labeling.hxx">
      <Filter>头文件</Filter>
    </ClInclude>
    <ClInclude Include="..\..\..\src\vigra\include\vigra\multi_localminmax.hxx">
      <Filter>头文件</Filter>
    </ClInclude>
    <ClInclude Include="..\..\..\src\vigra\include\vigra\multi_math.hxx">
      <Filter>头文件</Filter>
    </ClInclude>
    <ClInclude Include="..\..\..\src\vigra\include\vigra\multi_morphology.hxx">
      <Filter>头文件</Filter>
    </ClInclude>
    <ClInclude Include="..\..\..\src\vigra\include\vigra\multi_opencl.hxx">
      <Filter>头文件</Filter>
    </ClInclude>
    <ClInclude Include="..\..\..\src\vigra\include\vigra\multi_pointoperators.hxx">
      <Filter>头文件</Filter>
    </ClInclude>
    <ClInclude Include="..\..\..\src\vigra\include\vigra\multi_resize.hxx">
      <Filter>头文件</Filter>
    </ClInclude>
    <ClInclude Include="..\..\..\src\vigra\include\vigra\multi_shape.hxx">
      <Filter>头文件</Filter>
    </ClInclude>
    <ClInclude Include="..\..\..\src\vigra\include\vigra\multi_tensorutilities.hxx">
      <Filter>头文件</Filter>
    </ClInclude>
    <ClInclude Include="..\..\..\src\vigra\include\vigra\multi_watersheds.hxx">
      <Filter>头文件</Filter>
    </ClInclude>
    <ClInclude Include="..\..\..\src\vigra\include\vigra\navigator.hxx">
      <Filter>头文件</Filter>
    </ClInclude>
    <ClInclude Include="..\..\..\src\vigra\include\vigra\noise_normalization.hxx">
      <Filter>头文件</Filter>
    </ClInclude>
    <ClInclude Include="..\..\..\src\vigra\include\vigra\nonlineardiffusion.hxx">
      <Filter>头文件</Filter>
    </ClInclude>
    <ClInclude Include="..\..\..\src\vigra\include\vigra\numerictraits.hxx">
      <Filter>头文件</Filter>
    </ClInclude>
    <ClInclude Include="..\..\..\src\vigra\include\vigra\numpy_array.hxx">
      <Filter>头文件</Filter>
    </ClInclude>
    <ClInclude Include="..\..\..\src\vigra\include\vigra\numpy_array_converters.hxx">
      <Filter>头文件</Filter>
    </ClInclude>
    <ClInclude Include="..\..\..\src\vigra\include\vigra\numpy_array_taggedshape.hxx">
      <Filter>头文件</Filter>
    </ClInclude>
    <ClInclude Include="..\..\..\src\vigra\include\vigra\numpy_array_traits.hxx">
      <Filter>头文件</Filter>
    </ClInclude>
    <ClInclude Include="..\..\..\src\vigra\include\vigra\orientedtensorfilters.hxx">
      <Filter>头文件</Filter>
    </ClInclude>
    <ClInclude Include="..\..\..\src\vigra\include\vigra\pixelneighborhood.hxx">
      <Filter>头文件</Filter>
    </ClInclude>
    <ClInclude Include="..\..\..\src\vigra\include\vigra\polygon.hxx">
      <Filter>头文件</Filter>
    </ClInclude>
    <ClInclude Include="..\..\..\src\vigra\include\vigra\polynomial.hxx">
      <Filter>头文件</Filter>
    </ClInclude>
    <ClInclude Include="..\..\..\src\vigra\include\vigra\project2ellipse.hxx">
      <Filter>头文件</Filter>
    </ClInclude>
    <ClInclude Include="..\..\..\src\vigra\include\vigra\promote_traits.hxx">
      <Filter>头文件</Filter>
    </ClInclude>
    <ClInclude Include="..\..\..\src\vigra\include\vigra\python_utility.hxx">
      <Filter>头文件</Filter>
    </ClInclude>
    <ClInclude Include="..\..\..\src\vigra\include\vigra\quadprog.hxx">
      <Filter>头文件</Filter>
    </ClInclude>
    <ClInclude Include="..\..\..\src\vigra\include\vigra\quaternion.hxx">
      <Filter>头文件</Filter>
    </ClInclude>
    <ClInclude Include="..\..\..\src\vigra\include\vigra\random.hxx">
      <Filter>头文件</Filter>
    </ClInclude>
    <ClInclude Include="..\..\..\src\vigra\include\vigra\random_forest.hxx">
      <Filter>头文件</Filter>
    </ClInclude>
    <ClInclude Include="..\..\..\src\vigra\include\vigra\random_forest_deprec.hxx">
      <Filter>头文件</Filter>
    </ClInclude>
    <ClInclude Include="..\..\..\src\vigra\include\vigra\random_forest_hdf5_impex.hxx">
      <Filter>头文件</Filter>
    </ClInclude>
    <ClInclude Include="..\..\..\src\vigra\include\vigra\rational.hxx">
      <Filter>头文件</Filter>
    </ClInclude>
    <ClInclude Include="..\..\..\src\vigra\include\vigra\recursiveconvolution.hxx">
      <Filter>头文件</Filter>
    </ClInclude>
    <ClInclude Include="..\..\..\src\vigra\include\vigra\regression.hxx">
      <Filter>头文件</Filter>
    </ClInclude>
    <ClInclude Include="..\..\..\src\vigra\include\vigra\resampling_convolution.hxx">
      <Filter>头文件</Filter>
    </ClInclude>
    <ClInclude Include="..\..\..\src\vigra\include\vigra\resizeimage.hxx">
      <Filter>头文件</Filter>
    </ClInclude>
    <ClInclude Include="..\..\..\src\vigra\include\vigra\rfftw.hxx">
      <Filter>头文件</Filter>
    </ClInclude>
    <ClInclude Include="..\..\..\src\vigra\include\vigra\rgbvalue.hxx">
      <Filter>头文件</Filter>
    </ClInclude>
    <ClInclude Include="..\..\..\src\vigra\include\vigra\sampling.hxx">
      <Filter>头文件</Filter>
    </ClInclude>
    <ClInclude Include="..\..\..\src\vigra\include\vigra\seededregiongrowing.hxx">
      <Filter>头文件</Filter>
    </ClInclude>
    <ClInclude Include="..\..\..\src\vigra\include\vigra\seededregiongrowing3d.hxx">
      <Filter>头文件</Filter>
    </ClInclude>
    <ClInclude Include="..\..\..\src\vigra\include\vigra\separableconvolution.hxx">
      <Filter>头文件</Filter>
    </ClInclude>
    <ClInclude Include="..\..\..\src\vigra\include\vigra\sifImport.hxx">
      <Filter>头文件</Filter>
    </ClInclude>
    <ClInclude Include="..\..\..\src\vigra\include\vigra\singular_value_decomposition.hxx">
      <Filter>头文件</Filter>
    </ClInclude>
    <ClInclude Include="..\..\..\src\vigra\include\vigra\sized_int.hxx">
      <Filter>头文件</Filter>
    </ClInclude>
    <ClInclude Include="..\..\..\src\vigra\include\vigra\slanted_edge_mtf.hxx">
      <Filter>头文件</Filter>
    </ClInclude>
    <ClInclude Include="..\..\..\src\vigra\include\vigra\slic.hxx">
      <Filter>头文件</Filter>
    </ClInclude>
    <ClInclude Include="..\..\..\src\vigra\include\vigra\splineimageview.hxx">
      <Filter>头文件</Filter>
    </ClInclude>
    <ClInclude Include="..\..\..\src\vigra\include\vigra\splines.hxx">
      <Filter>头文件</Filter>
    </ClInclude>
    <ClInclude Include="..\..\..\src\vigra\include\vigra\static_assert.hxx">
      <Filter>头文件</Filter>
    </ClInclude>
    <ClInclude Include="..\..\..\src\vigra\include\vigra\stdconvolution.hxx">
      <Filter>头文件</Filter>
    </ClInclude>
    <ClInclude Include="..\..\..\src\vigra\include\vigra\stdimage.hxx">
      <Filter>头文件</Filter>
    </ClInclude>
    <ClInclude Include="..\..\..\src\vigra\include\vigra\stdimagefunctions.hxx">
      <Filter>头文件</Filter>
    </ClInclude>
    <ClInclude Include="..\..\..\src\vigra\include\vigra\symmetry.hxx">
      <Filter>头文件</Filter>
    </ClInclude>
    <ClInclude Include="..\..\..\src\vigra\include\vigra\tensorutilities.hxx">
      <Filter>头文件</Filter>
    </ClInclude>
    <ClInclude Include="..\..\..\src\vigra\include\vigra\tiff.hxx">
      <Filter>头文件</Filter>
    </ClInclude>
    <ClInclude Include="..\..\..\src\vigra\include\vigra\timing.hxx">
      <Filter>头文件</Filter>
    </ClInclude>
    <ClInclude Include="..\..\..\src\vigra\include\vigra\tinyvector.hxx">
      <Filter>头文件</Filter>
    </ClInclude>
    <ClInclude Include="..\..\..\src\vigra\include\vigra\transformimage.hxx">
      <Filter>头文件</Filter>
    </ClInclude>
    <ClInclude Include="..\..\..\src\vigra\include\vigra\tuple.hxx">
      <Filter>头文件</Filter>
    </ClInclude>
    <ClInclude Include="..\..\..\src\vigra\include\vigra\tv_filter.hxx">
      <Filter>头文件</Filter>
    </ClInclude>
    <ClInclude Include="..\..\..\src\vigra\include\vigra\type_lists.hxx">
      <Filter>头文件</Filter>
    </ClInclude>
    <ClInclude Include="..\..\..\src\vigra\include\vigra\union_find.hxx">
      <Filter>头文件</Filter>
    </ClInclude>
    <ClInclude Include="..\..\..\src\vigra\include\vigra\unittest.hxx">
      <Filter>头文件</Filter>
    </ClInclude>
    <ClInclude Include="..\..\..\src\vigra\include\vigra\unsupervised_decomposition.hxx">
      <Filter>头文件</Filter>
    </ClInclude>
    <ClInclude Include="..\..\..\src\vigra\include\vigra\utilities.hxx">
      <Filter>头文件</Filter>
    </ClInclude>
    <ClInclude Include="..\..\..\src\vigra\include\vigra\voxelneighborhood.hxx">
      <Filter>头文件</Filter>
    </ClInclude>
    <ClInclude Include="..\..\..\src\vigra\include\vigra\watersheds.hxx">
      <Filter>头文件</Filter>
    </ClInclude>
    <ClInclude Include="..\..\..\src\vigra\include\vigra\watersheds3d.hxx">
      <Filter>头文件</Filter>
    </ClInclude>
    <ClInclude Include="..\..\..\src\vigra\include\vigra\wigner-matrix.hxx">
      <Filter>头文件</Filter>
    </ClInclude>
    <ClInclude Include="..\..\..\src\vigra\include\vigra\windows.h">
      <Filter>头文件</Filter>
    </ClInclude>
    <ClInclude Include="..\..\..\src\vigra\include\vigra\random_forest\features.hxx">
      <Filter>头文件</Filter>
    </ClInclude>
    <ClInclude Include="..\..\..\src\vigra\include\vigra\random_forest\rf_algorithm.hxx">
      <Filter>头文件</Filter>
    </ClInclude>
    <ClInclude Include="..\..\..\src\vigra\include\vigra\random_forest\rf_common.hxx">
      <Filter>头文件</Filter>
    </ClInclude>
    <ClInclude Include="..\..\..\src\vigra\include\vigra\random_forest\rf_decisionTree.hxx">
      <Filter>头文件</Filter>
    </ClInclude>
    <ClInclude Include="..\..\..\src\vigra\include\vigra\random_forest\rf_earlystopping.hxx">
      <Filter>头文件</Filter>
    </ClInclude>
    <ClInclude Include="..\..\..\src\vigra\include\vigra\random_forest\rf_nodeproxy.hxx">
      <Filter>头文件</Filter>
    </ClInclude>
    <ClInclude Include="..\..\..\src\vigra\include\vigra\random_forest\rf_online_prediction_set.hxx">
      <Filter>头文件</Filter>
    </ClInclude>
    <ClInclude Include="..\..\..\src\vigra\include\vigra\random_forest\rf_preprocessing.hxx">
      <Filter>头文件</Filter>
    </ClInclude>
    <ClInclude Include="..\..\..\src\vigra\include\vigra\random_forest\rf_region.hxx">
      <Filter>头文件</Filter>
    </ClInclude>
    <ClInclude Include="..\..\..\src\vigra\include\vigra\random_forest\rf_ridge_split.hxx">
      <Filter>头文件</Filter>
    </ClInclude>
    <ClInclude Include="..\..\..\src\vigra\include\vigra\random_forest\rf_split.hxx">
      <Filter>头文件</Filter>
    </ClInclude>
    <ClInclude Include="..\..\..\src\vigra\include\vigra\random_forest\rf_visitors.hxx">
      <Filter>头文件</Filter>
    </ClInclude>
    <ClInclude Include="..\..\..\src\vigra\include\vigra\random_forest\splices.hxx">
      <Filter>头文件</Filter>
    </ClInclude>
    <ClInclude Include="..\..\..\src\vigra\src\impex\auto_file.hxx">
      <Filter>头文件</Filter>
    </ClInclude>
    <ClInclude Include="..\..\..\src\vigra\src\impex\bmp.hxx">
      <Filter>头文件</Filter>
    </ClInclude>
    <ClInclude Include="..\..\..\src\vigra\src\impex\byteorder.hxx">
      <Filter>头文件</Filter>
    </ClInclude>
    <ClInclude Include="..\..\..\src\vigra\src\impex\codecmanager.hxx">
      <Filter>头文件</Filter>
    </ClInclude>
    <ClInclude Include="..\..\..\src\vigra\src\impex\error.hxx">
      <Filter>头文件</Filter>
    </ClInclude>
    <ClInclude Include="..\..\..\src\vigra\src\impex\exr.hxx">
      <Filter>头文件</Filter>
    </ClInclude>
    <ClInclude Include="..\..\..\src\vigra\src\impex\gif.hxx">
      <Filter>头文件</Filter>
    </ClInclude>
    <ClInclude Include="..\..\..\src\vigra\src\impex\hdr.hxx">
      <Filter>头文件</Filter>
    </ClInclude>
    <ClInclude Include="..\..\..\src\vigra\src\impex\iccjpeg.h">
      <Filter>头文件</Filter>
    </ClInclude>
    <ClInclude Include="..\..\..\src\vigra\src\impex\jpeg.hxx">
      <Filter>头文件</Filter>
    </ClInclude>
    <ClInclude Include="..\..\..\src\vigra\src\impex\png.hxx">
      <Filter>头文件</Filter>
    </ClInclude>
    <ClInclude Include="..\..\..\src\vigra\src\impex\pnm.hxx">
      <Filter>头文件</Filter>
    </ClInclude>
    <ClInclude Include="..\..\..\src\vigra\src\impex\rgbe.h">
      <Filter>头文件</Filter>
    </ClInclude>
    <ClInclude Include="..\..\..\src\vigra\src\impex\sun.hxx">
      <Filter>头文件</Filter>
    </ClInclude>
    <ClInclude Include="..\..\..\src\vigra\src\impex\tiff.hxx">
      <Filter>头文件</Filter>
    </ClInclude>
    <ClInclude Include="..\..\..\src\vigra\src\impex\viff.hxx">
      <Filter>头文件</Filter>
    </ClInclude>
    <ClInclude Include="..\..\..\src\vigra\src\impex\void_vector.hxx">
      <Filter>头文件</Filter>
    </ClInclude>
  </ItemGroup>
  <ItemGroup>
    <None Include="..\..\..\src\vigra\include\vigra\promote_traits.hxx.py">
      <Filter>头文件</Filter>
    </None>
  </ItemGroup>
  <ItemGroup>
    <ClCompile Include="..\..\..\src\vigra\src\impex\iccjpeg.c">
      <Filter>源文件</Filter>
    </ClCompile>
    <ClCompile Include="..\..\..\src\vigra\src\impex\rgbe.c">
      <Filter>源文件</Filter>
    </ClCompile>
    <ClCompile Include="..\..\..\src\vigra\src\impex\bmp.cxx">
      <Filter>源文件</Filter>
    </ClCompile>
    <ClCompile Include="..\..\..\src\vigra\src\impex\byteorder.cxx">
      <Filter>源文件</Filter>
    </ClCompile>
    <ClCompile Include="..\..\..\src\vigra\src\impex\codecmanager.cxx">
      <Filter>源文件</Filter>
    </ClCompile>
    <ClCompile Include="..\..\..\src\vigra\src\impex\exr.cxx">
      <Filter>源文件</Filter>
    </ClCompile>
    <ClCompile Include="..\..\..\src\vigra\src\impex\gif.cxx">
      <Filter>源文件</Filter>
    </ClCompile>
    <ClCompile Include="..\..\..\src\vigra\src\impex\hdf5_rf_impex.cxx">
      <Filter>源文件</Filter>
    </ClCompile>
    <ClCompile Include="..\..\..\src\vigra\src\impex\hdf5impex.cxx">
      <Filter>源文件</Filter>
    </ClCompile>
    <ClCompile Include="..\..\..\src\vigra\src\impex\hdr.cxx">
      <Filter>源文件</Filter>
    </ClCompile>
    <ClCompile Include="..\..\..\src\vigra\src\impex\imageinfo.cxx">
      <Filter>源文件</Filter>
    </ClCompile>
    <ClCompile Include="..\..\..\src\vigra\src\impex\jpeg.cxx">
      <Filter>源文件</Filter>
    </ClCompile>
    <ClCompile Include="..\..\..\src\vigra\src\impex\png.cxx">
      <Filter>源文件</Filter>
    </ClCompile>
    <ClCompile Include="..\..\..\src\vigra\src\impex\pnm.cxx">
      <Filter>源文件</Filter>
    </ClCompile>
    <ClCompile Include="..\..\..\src\vigra\src\impex\sifImport.cxx">
      <Filter>源文件</Filter>
    </ClCompile>
    <ClCompile Include="..\..\..\src\vigra\src\impex\sun.cxx">
      <Filter>源文件</Filter>
    </ClCompile>
    <ClCompile Include="..\..\..\src\vigra\src\impex\tiff.cxx">
      <Filter>源文件</Filter>
    </ClCompile>
    <ClCompile Include="..\..\..\src\vigra\src\impex\viff.cxx">
      <Filter>源文件</Filter>
    </ClCompile>
    <ClCompile Include="..\..\..\src\vigra\src\impex\void_vector.cxx">
      <Filter>源文件</Filter>
    </ClCompile>
  </ItemGroup>
</Project>